
Microsoft Visual Studio Solution File, Format Version 12.00
# Visual Studio Version 17
VisualStudioVersion = 17.13.35617.110 d17.13
MinimumVisualStudioVersion = 10.0.40219.1
Project("{FAE04EC0-301F-11D3-BF4B-00C04F79EFBC}") = "QuickSql", "QuickSql.csproj", "{F982E72D-C467-43DE-B6B2-77816AD3034B}"
EndProject
Project("{FAE04EC0-301F-11D3-BF4B-00C04F79EFBC}") = "QuickJson", "QuickJson\QuickJson.csproj", "{7071F52E-D47A-BDF4-FA7D-BC3E906D54FE}"
EndProject
Global
	GlobalSection(SolutionConfigurationPlatforms) = preSolution
		Debug|Any CPU = Debug|Any CPU
		Release|Any CPU = Release|Any CPU
	EndGlobalSection
	GlobalSection(ProjectConfigurationPlatforms) = postSolution
		{F982E72D-C467-43DE-B6B2-77816AD3034B}.Debug|Any CPU.ActiveCfg = Debug|Any CPU
		{F982E72D-C467-43DE-B6B2-77816AD3034B}.Debug|Any CPU.Build.0 = Debug|Any CPU
		{F982E72D-C467-43DE-B6B2-77816AD3034B}.Release|Any CPU.ActiveCfg = Release|Any CPU
		{F982E72D-C467-43DE-B6B2-77816AD3034B}.Release|Any CPU.Build.0 = Release|Any CPU
		{7071F52E-D47A-BDF4-FA7D-BC3E906D54FE}.Debug|Any CPU.ActiveCfg = Debug|Any CPU
		{7071F52E-D47A-BDF4-FA7D-BC3E906D54FE}.Debug|Any CPU.Build.0 = Debug|Any CPU
		{7071F52E-D47A-BDF4-FA7D-BC3E906D54FE}.Release|Any CPU.ActiveCfg = Release|Any CPU
		{7071F52E-D47A-BDF4-FA7D-BC3E906D54FE}.Release|Any CPU.Build.0 = Release|Any CPU
	EndGlobalSection
	GlobalSection(SolutionProperties) = preSolution
		HideSolutionNode = FALSE
	EndGlobalSection
	GlobalSection(ExtensibilityGlobals) = postSolution
		SolutionGuid = {A7B7D041-0786-4242-83C5-C8B7824ED138}
	EndGlobalSection
EndGlobal
